// !$*UTF8*$!
{
	archiveVersion = 1;
	classes = {
	};
	objectVersion = 46;
	objects = {

/* Begin PBXBuildFile section */
		914556351965942C006C30CD /* AppDelegate.swift in Sources */ = {isa = PBXBuildFile; fileRef = 914556341965942C006C30CD /* AppDelegate.swift */; };
		914556371965942C006C30CD /* ViewController.swift in Sources */ = {isa = PBXBuildFile; fileRef = 914556361965942C006C30CD /* ViewController.swift */; };
		9145563A1965942C006C30CD /* Main.storyboard in Resources */ = {isa = PBXBuildFile; fileRef = 914556381965942C006C30CD /* Main.storyboard */; };
		9145563C1965942C006C30CD /* Images.xcassets in Resources */ = {isa = PBXBuildFile; fileRef = 9145563B1965942C006C30CD /* Images.xcassets */; };
		914556481965942D006C30CD /* SwiftBugThreeJulyFourteenTests.swift in Sources */ = {isa = PBXBuildFile; fileRef = 914556471965942D006C30CD /* SwiftBugThreeJulyFourteenTests.swift */; };
		914556541965BFA1006C30CD /* Animal.swift in Sources */ = {isa = PBXBuildFile; fileRef = 914556531965BFA1006C30CD /* Animal.swift */; };
/* End PBXBuildFile section */

/* Begin PBXContainerItemProxy section */
		914556421965942D006C30CD /* PBXContainerItemProxy */ = {
			isa = PBXContainerItemProxy;
			containerPortal = 914556271965942C006C30CD /* Project object */;
			proxyType = 1;
			remoteGlobalIDString = 9145562E1965942C006C30CD;
			remoteInfo = SwiftBugThreeJulyFourteen;
		};
/* End PBXContainerItemProxy section */

/* Begin PBXFileReference section */
		9145562F1965942C006C30CD /* SwiftBugThreeJulyFourteen.app */ = {isa = PBXFileReference; explicitFileType = wrapper.application; includeInIndex = 0; path = SwiftBugThreeJulyFourteen.app; sourceTree = BUILT_PRODUCTS_DIR; };
		914556331965942C006C30CD /* Info.plist */ = {isa = PBXFileReference; lastKnownFileType = text.plist.xml; path = Info.plist; sourceTree = "<group>"; };
		914556341965942C006C30CD /* AppDelegate.swift */ = {isa = PBXFileReference; lastKnownFileType = sourcecode.swift; path = AppDelegate.swift; sourceTree = "<group>"; };
		914556361965942C006C30CD /* ViewController.swift */ = {isa = PBXFileReference; lastKnownFileType = sourcecode.swift; path = ViewController.swift; sourceTree = "<group>"; };
		914556391965942C006C30CD /* Base */ = {isa = PBXFileReference; lastKnownFileType = file.storyboard; name = Base; path = Base.lproj/Main.storyboard; sourceTree = "<group>"; };
		9145563B1965942C006C30CD /* Images.xcassets */ = {isa = PBXFileReference; lastKnownFileType = folder.assetcatalog; path = Images.xcassets; sourceTree = "<group>"; };
		914556411965942D006C30CD /* SwiftBugThreeJulyFourteenTests.xctest */ = {isa = PBXFileReference; explicitFileType = wrapper.cfbundle; includeInIndex = 0; path = SwiftBugThreeJulyFourteenTests.xctest; sourceTree = BUILT_PRODUCTS_DIR; };
		914556461965942D006C30CD /* Info.plist */ = {isa = PBXFileReference; lastKnownFileType = text.plist.xml; path = Info.plist; sourceTree = "<group>"; };
		914556471965942D006C30CD /* SwiftBugThreeJulyFourteenTests.swift */ = {isa = PBXFileReference; lastKnownFileType = sourcecode.swift; path = SwiftBugThreeJulyFourteenTests.swift; sourceTree = "<group>"; };
		914556531965BFA1006C30CD /* Animal.swift */ = {isa = PBXFileReference; fileEncoding = 4; lastKnownFileType = sourcecode.swift; path = Animal.swift; sourceTree = "<group>"; };
/* End PBXFileReference section */

/* Begin PBXFrameworksBuildPhase section */
		9145562C1965942C006C30CD /* Frameworks */ = {
			isa = PBXFrameworksBuildPhase;
			buildActionMask = 2147483647;
			files = (
			);
			runOnlyForDeploymentPostprocessing = 0;
		};
		9145563E1965942D006C30CD /* Frameworks */ = {
			isa = PBXFrameworksBuildPhase;
			buildActionMask = 2147483647;
			files = (
			);
			runOnlyForDeploymentPostprocessing = 0;
		};
/* End PBXFrameworksBuildPhase section */

/* Begin PBXGroup section */
		914556261965942C006C30CD = {
			isa = PBXGroup;
			children = (
				914556311965942C006C30CD /* SwiftBugThreeJulyFourteen */,
				914556441965942D006C30CD /* SwiftBugThreeJulyFourteenTests */,
				914556301965942C006C30CD /* Products */,
			);
			sourceTree = "<group>";
		};
		914556301965942C006C30CD /* Products */ = {
			isa = PBXGroup;
			children = (
				9145562F1965942C006C30CD /* SwiftBugThreeJulyFourteen.app */,
				914556411965942D006C30CD /* SwiftBugThreeJulyFourteenTests.xctest */,
			);
			name = Products;
			sourceTree = "<group>";
		};
		914556311965942C006C30CD /* SwiftBugThreeJulyFourteen */ = {
			isa = PBXGroup;
			children = (
				914556341965942C006C30CD /* AppDelegate.swift */,
				914556361965942C006C30CD /* ViewController.swift */,
				914556381965942C006C30CD /* Main.storyboard */,
				9145563B1965942C006C30CD /* Images.xcassets */,
				914556321965942C006C30CD /* Supporting Files */,
				914556531965BFA1006C30CD /* Animal.swift */,
			);
			path = SwiftBugThreeJulyFourteen;
			sourceTree = "<group>";
		};
		914556321965942C006C30CD /* Supporting Files */ = {
			isa = PBXGroup;
			children = (
				914556331965942C006C30CD /* Info.plist */,
			);
			name = "Supporting Files";
			sourceTree = "<group>";
		};
		914556441965942D006C30CD /* SwiftBugThreeJulyFourteenTests */ = {
			isa = PBXGroup;
			children = (
				914556471965942D006C30CD /* SwiftBugThreeJulyFourteenTests.swift */,
				914556451965942D006C30CD /* Supporting Files */,
			);
			path = SwiftBugThreeJulyFourteenTests;
			sourceTree = "<group>";
		};
		914556451965942D006C30CD /* Supporting Files */ = {
			isa = PBXGroup;
			children = (
				914556461965942D006C30CD /* Info.plist */,
			);
			name = "Supporting Files";
			sourceTree = "<group>";
		};
/* End PBXGroup section */

/* Begin PBXNativeTarget section */
		9145562E1965942C006C30CD /* SwiftBugThreeJulyFourteen */ = {
			isa = PBXNativeTarget;
			buildConfigurationList = 9145564B1965942D006C30CD /* Build configuration list for PBXNativeTarget "SwiftBugThreeJulyFourteen" */;
			buildPhases = (
				9145562B1965942C006C30CD /* Sources */,
				9145562C1965942C006C30CD /* Frameworks */,
				9145562D1965942C006C30CD /* Resources */,
			);
			buildRules = (
			);
			dependencies = (
			);
			name = SwiftBugThreeJulyFourteen;
			productName = SwiftBugThreeJulyFourteen;
			productReference = 9145562F1965942C006C30CD /* SwiftBugThreeJulyFourteen.app */;
			productType = "com.apple.product-type.application";
		};
		914556401965942D006C30CD /* SwiftBugThreeJulyFourteenTests */ = {
			isa = PBXNativeTarget;
			buildConfigurationList = 9145564E1965942D006C30CD /* Build configuration list for PBXNativeTarget "SwiftBugThreeJulyFourteenTests" */;
			buildPhases = (
				9145563D1965942D006C30CD /* Sources */,
				9145563E1965942D006C30CD /* Frameworks */,
				9145563F1965942D006C30CD /* Resources */,
			);
			buildRules = (
			);
			dependencies = (
				914556431965942D006C30CD /* PBXTargetDependency */,
			);
			name = SwiftBugThreeJulyFourteenTests;
			productName = SwiftBugThreeJulyFourteenTests;
			productReference = 914556411965942D006C30CD /* SwiftBugThreeJulyFourteenTests.xctest */;
			productType = "com.apple.product-type.bundle.unit-test";
		};
/* End PBXNativeTarget section */

/* Begin PBXProject section */
		914556271965942C006C30CD /* Project object */ = {
			isa = PBXProject;
			attributes = {
				LastUpgradeCheck = 0600;
				ORGANIZATIONNAME = "Perfectly Cromulent";
				TargetAttributes = {
					9145562E1965942C006C30CD = {
						CreatedOnToolsVersion = 6.0;
					};
					914556401965942D006C30CD = {
						CreatedOnToolsVersion = 6.0;
						TestTargetID = 9145562E1965942C006C30CD;
					};
				};
			};
			buildConfigurationList = 9145562A1965942C006C30CD /* Build configuration list for PBXProject "SwiftBugThreeJulyFourteen" */;
			compatibilityVersion = "Xcode 3.2";
			developmentRegion = English;
			hasScannedForEncodings = 0;
			knownRegions = (
				en,
				Base,
			);
			mainGroup = 914556261965942C006C30CD;
			productRefGroup = 914556301965942C006C30CD /* Products */;
			projectDirPath = "";
			projectRoot = "";
			targets = (
				9145562E1965942C006C30CD /* SwiftBugThreeJulyFourteen */,
				914556401965942D006C30CD /* SwiftBugThreeJulyFourteenTests */,
			);
		};
/* End PBXProject section */

/* Begin PBXResourcesBuildPhase section */
		9145562D1965942C006C30CD /* Resources */ = {
			isa = PBXResourcesBuildPhase;
			buildActionMask = 2147483647;
			files = (
				9145563A1965942C006C30CD /* Main.storyboard in Resources */,
				9145563C1965942C006C30CD /* Images.xcassets in Resources */,
			);
			runOnlyForDeploymentPostprocessing = 0;
		};
		9145563F1965942D006C30CD /* Resources */ = {
			isa = PBXResourcesBuildPhase;
			buildActionMask = 2147483647;
			files = (
			);
			runOnlyForDeploymentPostprocessing = 0;
		};
/* End PBXResourcesBuildPhase section */

/* Begin PBXSourcesBuildPhase section */
		9145562B1965942C006C30CD /* Sources */ = {
			isa = PBXSourcesBuildPhase;
			buildActionMask = 2147483647;
			files = (
				914556371965942C006C30CD /* ViewController.swift in Sources */,
				914556351965942C006C30CD /* AppDelegate.swift in Sources */,
				914556541965BFA1006C30CD /* Animal.swift in Sources */,
			);
			runOnlyForDeploymentPostprocessing = 0;
		};
		9145563D1965942D006C30CD /* Sources */ = {
			isa = PBXSourcesBuildPhase;
			buildActionMask = 2147483647;
			files = (
				914556481965942D006C30CD /* SwiftBugThreeJulyFourteenTests.swift in Sources */,
			);
			runOnlyForDeploymentPostprocessing = 0;
		};
/* End PBXSourcesBuildPhase section */

/* Begin PBXTargetDependency section */
		914556431965942D006C30CD /* PBXTargetDependency */ = {
			isa = PBXTargetDependency;
			target = 9145562E1965942C006C30CD /* SwiftBugThreeJulyFourteen */;
			targetProxy = 914556421965942D006C30CD /* PBXContainerItemProxy */;
		};
/* End PBXTargetDependency section */

/* Begin PBXVariantGroup section */
		914556381965942C006C30CD /* Main.storyboard */ = {
			isa = PBXVariantGroup;
			children = (
				914556391965942C006C30CD /* Base */,
			);
			name = Main.storyboard;
			sourceTree = "<group>";
		};
/* End PBXVariantGroup section */

/* Begin XCBuildConfiguration section */
		914556491965942D006C30CD /* Debug */ = {
			isa = XCBuildConfiguration;
			buildSettings = {
				ALWAYS_SEARCH_USER_PATHS = NO;
				CLANG_CXX_LANGUAGE_STANDARD = "gnu++0x";
				CLANG_CXX_LIBRARY = "libc++";
				CLANG_ENABLE_MODULES = YES;
				CLANG_ENABLE_OBJC_ARC = YES;
				CLANG_WARN_BOOL_CONVERSION = YES;
				CLANG_WARN_CONSTANT_CONVERSION = YES;
				CLANG_WARN_DIRECT_OBJC_ISA_USAGE = YES_ERROR;
				CLANG_WARN_EMPTY_BODY = YES;
				CLANG_WARN_ENUM_CONVERSION = YES;
				CLANG_WARN_INT_CONVERSION = YES;
				CLANG_WARN_OBJC_ROOT_CLASS = YES_ERROR;
				CLANG_WARN_UNREACHABLE_CODE = YES;
				CLANG_WARN__DUPLICATE_METHOD_MATCH = YES;
				"CODE_SIGN_IDENTITY[sdk=iphoneos*]" = "iPhone Developer";
				COPY_PHASE_STRIP = NO;
				ENABLE_STRICT_OBJC_MSGSEND = YES;
				GCC_C_LANGUAGE_STANDARD = gnu99;
				GCC_DYNAMIC_NO_PIC = NO;
				GCC_OPTIMIZATION_LEVEL = 0;
				GCC_PREPROCESSOR_DEFINITIONS = (
					"DEBUG=1",
					"$(inherited)",
				);
				GCC_SYMBOLS_PRIVATE_EXTERN = NO;
				GCC_WARN_64_TO_32_BIT_CONVERSION = YES;
				GCC_WARN_ABOUT_RETURN_TYPE = YES_ERROR;
				GCC_WARN_UNDECLARED_SELECTOR = YES;
				GCC_WARN_UNINITIALIZED_AUTOS = YES_AGGRESSIVE;
				GCC_WARN_UNUSED_FUNCTION = YES;
				GCC_WARN_UNUSED_VARIABLE = YES;
				IPHONEOS_DEPLOYMENT_TARGET = 8.0;
				METAL_ENABLE_DEBUG_INFO = YES;
				ONLY_ACTIVE_ARCH = YES;
				SDKROOT = iphoneos;
				SWIFT_OPTIMIZATION_LEVEL = "-Onone";
				TARGETED_DEVICE_FAMILY = "1,2";
			};
			name = Debug;
		};
		9145564A1965942D006C30CD /* Release */ = {
			isa = XCBuildConfiguration;
			buildSettings = {
				ALWAYS_SEARCH_USER_PATHS = NO;
				CLANG_CXX_LANGUAGE_STANDARD = "gnu++0x";
				CLANG_CXX_LIBRARY = "libc++";
				CLANG_ENABLE_MODULES = YES;
				CLANG_ENABLE_OBJC_ARC = YES;
				CLANG_WARN_BOOL_CONVERSION = YES;
				CLANG_WARN_CONSTANT_CONVERSION = YES;
				CLANG_WARN_DIRECT_OBJC_ISA_USAGE = YES_ERROR;
				CLANG_WARN_EMPTY_BODY = YES;
				CLANG_WARN_ENUM_CONVERSION = YES;
				CLANG_WARN_INT_CONVERSION = YES;
				CLANG_WARN_OBJC_ROOT_CLASS = YES_ERROR;
				CLANG_WARN_UNREACHABLE_CODE = YES;
				CLANG_WARN__DUPLICATE_METHOD_MATCH = YES;
				"CODE_SIGN_IDENTITY[sdk=iphoneos*]" = "iPhone Developer";
				COPY_PHASE_STRIP = YES;
				ENABLE_NS_ASSERTIONS = NO;
				ENABLE_STRICT_OBJC_MSGSEND = YES;
				GCC_C_LANGUAGE_STANDARD = gnu99;
				GCC_WARN_64_TO_32_BIT_CONVERSION = YES;
				GCC_WARN_ABOUT_RETURN_TYPE = YES_ERROR;
				GCC_WARN_UNDECLARED_SELECTOR = YES;
				GCC_WARN_UNINITIALIZED_AUTOS = YES_AGGRESSIVE;
				GCC_WARN_UNUSED_FUNCTION = YES;
				GCC_WARN_UNUSED_VARIABLE = YES;
				IPHONEOS_DEPLOYMENT_TARGET = 8.0;
				METAL_ENABLE_DEBUG_INFO = NO;
				SDKROOT = iphoneos;
				TARGETED_DEVICE_FAMILY = "1,2";
				VALIDATE_PRODUCT = YES;
			};
			name = Release;
		};
		9145564C1965942D006C30CD /* Debug */ = {
			isa = XCBuildConfiguration;
			buildSettings = {
				ASSETCATALOG_COMPILER_APPICON_NAME = AppIcon;
				ASSETCATALOG_COMPILER_LAUNCHIMAGE_NAME = LaunchImage;
				INFOPLIST_FILE = SwiftBugThreeJulyFourteen/Info.plist;
				LD_RUNPATH_SEARCH_PATHS = "$(inherited) @executable_path/Frameworks";
				PRODUCT_NAME = "$(TARGET_NAME)";
			};
			name = Debug;
		};
		9145564D1965942D006C30CD /* Release */ = {
			isa = XCBuildConfiguration;
			buildSettings = {
				ASSETCATALOG_COMPILER_APPICON_NAME = AppIcon;
				ASSETCATALOG_COMPILER_LAUNCHIMAGE_NAME = LaunchImage;
				INFOPLIST_FILE = SwiftBugThreeJulyFourteen/Info.plist;
				LD_RUNPATH_SEARCH_PATHS = "$(inherited) @executable_path/Frameworks";
				PRODUCT_NAME = "$(TARGET_NAME)";
			};
			name = Release;
		};
		9145564F1965942D006C30CD /* Debug */ = {
			isa = XCBuildConfiguration;
			buildSettings = {
				BUNDLE_LOADER = "$(BUILT_PRODUCTS_DIR)/SwiftBugThreeJulyFourteen.app/SwiftBugThreeJulyFourteen";
				FRAMEWORK_SEARCH_PATHS = (
					"$(SDKROOT)/Developer/Library/Frameworks",
					"$(inherited)",
				);
				GCC_PREPROCESSOR_DEFINITIONS = (
					"DEBUG=1",
					"$(inherited)",
				);
				INFOPLIST_FILE = SwiftBugThreeJulyFourteenTests/Info.plist;
				LD_RUNPATH_SEARCH_PATHS = "$(inherited) @executable_path/Frameworks @loader_path/Frameworks";
				METAL_ENABLE_DEBUG_INFO = YES;
				PRODUCT_NAME = "$(TARGET_NAME)";
				TEST_HOST = "$(BUNDLE_LOADER)";
			};
			name = Debug;
		};
		914556501965942D006C30CD /* Release */ = {
			isa = XCBuildConfiguration;
			buildSettings = {
				BUNDLE_LOADER = "$(BUILT_PRODUCTS_DIR)/SwiftBugThreeJulyFourteen.app/SwiftBugThreeJulyFourteen";
				FRAMEWORK_SEARCH_PATHS = (
					"$(SDKROOT)/Developer/Library/Frameworks",
					"$(inherited)",
				);
				INFOPLIST_FILE = SwiftBugThreeJulyFourteenTests/Info.plist;
				LD_RUNPATH_SEARCH_PATHS = "$(inherited) @executable_path/Frameworks @loader_path/Frameworks";
				METAL_ENABLE_DEBUG_INFO = NO;
				PRODUCT_NAME = "$(TARGET_NAME)";
				TEST_HOST = "$(BUNDLE_LOADER)";
			};
			name = Release;
		};
/* End XCBuildConfiguration section */

/* Begin XCConfigurationList section */
		9145562A1965942C006C30CD /* Build configuration list for PBXProject "SwiftBugThreeJulyFourteen" */ = {
			isa = XCConfigurationList;
			buildConfigurations = (
				914556491965942D006C30CD /* Debug */,
				9145564A1965942D006C30CD /* Release */,
			);
			defaultConfigurationIsVisible = 0;
			defaultConfigurationName = Release;
		};
		9145564B1965942D006C30CD /* Build configuration list for PBXNativeTarget "SwiftBugThreeJulyFourteen" */ = {
			isa = XCConfigurationList;
			buildConfigurations = (
				9145564C1965942D006C30CD /* Debug */,
				9145564D1965942D006C30CD /* Release */,
			);
			defaultConfigurationIsVisible = 0;
		};
		9145564E1965942D006C30CD /* Build configuration list for PBXNativeTarget "SwiftBugThreeJulyFourteenTests" */ = {
			isa = XCConfigurationList;
			buildConfigurations = (
				9145564F1965942D006C30CD /* Debug */,
				914556501965942D006C30CD /* Release */,
			);
			defaultConfigurationIsVisible = 0;
		};
/* End XCConfigurationList section */
	};
	rootObject = 914556271965942C006C30CD /* Project object */;
}
